
Microsoft Visual Studio Solution File, Format Version 12.00
# Visual Studio 15
VisualStudioVersion = 15.0.28010.2046
MinimumVisualStudioVersion = 10.0.40219.1
Project("{9A19103F-16F7-4668-BE54-9A1E7A4F7556}") = "Midterm", "Midterm.csproj", "{5F71B646-529B-423A-8AB8-24F9884DA5BD}"
EndProject
Global
	GlobalSection(SolutionConfigurationPlatforms) = preSolution
		Debug|Any CPU = Debug|Any CPU
		Release|Any CPU = Release|Any CPU
	EndGlobalSection
	GlobalSection(ProjectConfigurationPlatforms) = postSolution
		{5F71B646-529B-423A-8AB8-24F9884DA5BD}.Debug|Any CPU.ActiveCfg = Debug|Any CPU
		{5F71B646-529B-423A-8AB8-24F9884DA5BD}.Debug|Any CPU.Build.0 = Debug|Any CPU
		{5F71B646-529B-423A-8AB8-24F9884DA5BD}.Release|Any CPU.ActiveCfg = Release|Any CPU
		{5F71B646-529B-423A-8AB8-24F9884DA5BD}.Release|Any CPU.Build.0 = Release|Any CPU
	EndGlobalSection
	GlobalSection(SolutionProperties) = preSolution
		HideSolutionNode = FALSE
	EndGlobalSection
	GlobalSection(ExtensibilityGlobals) = postSolution
		SolutionGuid = {6AFEAC11-F597-4DFF-B31A-FAAC20C63BA5}
	EndGlobalSection
EndGlobal
